
Microsoft Visual Studio Solution File, Format Version 12.00
# Visual Studio 2013
VisualStudioVersion = 12.0.31101.0
MinimumVisualStudioVersion = 10.0.40219.1
Project("{FAE04EC0-301F-11D3-BF4B-00C04F79EFBC}") = "RedirectMapGenerator.Console", "RedirectMapGenerator.Console\RedirectMapGenerator.Console.csproj", "{04A867ED-BC4C-423D-9F9F-444553547B29}"
EndProject
Project("{2150E333-8FDC-42A3-9474-1A3956D46DE8}") = "Solution Items", "Solution Items", "{1FC62531-5329-40DA-9BF2-7F752AF9AA88}"
	ProjectSection(SolutionItems) = preProject
		README.md = README.md
		Settings.StyleCop = Settings.StyleCop
	EndProjectSection
EndProject
Project("{2150E333-8FDC-42A3-9474-1A3956D46DE8}") = "Binaries", "Binaries", "{951767E4-713B-4B33-A7CC-159894D31CD7}"
	ProjectSection(SolutionItems) = preProject
		Binaries\RedirectMapGenerator.exe = Binaries\RedirectMapGenerator.exe
		Binaries\RedirectMapGenerator.pdb = Binaries\RedirectMapGenerator.pdb
		Binaries\RedirectMapGenerator.vshost.exe = Binaries\RedirectMapGenerator.vshost.exe
		Binaries\RedirectMapGenerator.vshost.exe.manifest = Binaries\RedirectMapGenerator.vshost.exe.manifest
		Binaries\redirects.csv = Binaries\redirects.csv
	EndProjectSection
EndProject
Global
	GlobalSection(SolutionConfigurationPlatforms) = preSolution
		Debug|x86 = Debug|x86
		Release|x86 = Release|x86
	EndGlobalSection
	GlobalSection(ProjectConfigurationPlatforms) = postSolution
		{04A867ED-BC4C-423D-9F9F-444553547B29}.Debug|x86.ActiveCfg = Debug|x86
		{04A867ED-BC4C-423D-9F9F-444553547B29}.Debug|x86.Build.0 = Debug|x86
		{04A867ED-BC4C-423D-9F9F-444553547B29}.Release|x86.ActiveCfg = Release|x86
		{04A867ED-BC4C-423D-9F9F-444553547B29}.Release|x86.Build.0 = Release|x86
	EndGlobalSection
	GlobalSection(SolutionProperties) = preSolution
		HideSolutionNode = FALSE
	EndGlobalSection
EndGlobal
